
Microsoft Visual Studio Solution File, Format Version 12.00
# Visual Studio 2013
VisualStudioVersion = 12.0.31101.0
MinimumVisualStudioVersion = 10.0.40219.1
Project("{FAE04EC0-301F-11D3-BF4B-00C04F79EFBC}") = "DayOfWeek.Service", "DayOfWeek.Service\DayOfWeek.Service.csproj", "{B0CF75A3-BEF8-4A17-AEA9-CE447B10A686}"
EndProject
Project("{FAE04EC0-301F-11D3-BF4B-00C04F79EFBC}") = "DayOfWeek.Service.Host", "DayOfWeek.Service.Host\DayOfWeek.Service.Host.csproj", "{C0846AF6-B784-4B4A-8647-0B18886F5D36}"
EndProject
Project("{FAE04EC0-301F-11D3-BF4B-00C04F79EFBC}") = "ConsoleClient", "ConsoleClient\ConsoleClient.csproj", "{76D03DE4-7CDA-40F0-A62F-C68798DB6CEB}"
	ProjectSection(ProjectDependencies) = postProject
		{C0846AF6-B784-4B4A-8647-0B18886F5D36} = {C0846AF6-B784-4B4A-8647-0B18886F5D36}
	EndProjectSection
EndProject
Project("{2150E333-8FDC-42A3-9474-1A3956D46DE8}") = "1-2", "1-2", "{8F2D0168-7AAE-42C3-9E9B-7CB9E0316BF9}"
EndProject
Project("{2150E333-8FDC-42A3-9474-1A3956D46DE8}") = "3-5", "3-5", "{E121D0C7-4691-4B3A-A8F8-53CD541C0F3C}"
EndProject
Project("{FAE04EC0-301F-11D3-BF4B-00C04F79EFBC}") = "StringCounter.Service", "string-counter\StringCounter.Service\StringCounter.Service.csproj", "{C76203F0-053C-49EC-9B5A-6808AC5D1A67}"
EndProject
Project("{FAE04EC0-301F-11D3-BF4B-00C04F79EFBC}") = "StringCounter.Hosting", "StringCounter.Hosting\StringCounter.Hosting.csproj", "{1828A562-C0E3-49ED-84C8-94EA97E7F95D}"
EndProject
Project("{FAE04EC0-301F-11D3-BF4B-00C04F79EFBC}") = "IISClient", "IISClient\IISClient.csproj", "{D1151B48-E381-4C37-AF50-B71DB2E0E2AB}"
	ProjectSection(ProjectDependencies) = postProject
		{1828A562-C0E3-49ED-84C8-94EA97E7F95D} = {1828A562-C0E3-49ED-84C8-94EA97E7F95D}
	EndProjectSection
EndProject
Global
	GlobalSection(SolutionConfigurationPlatforms) = preSolution
		Debug|Any CPU = Debug|Any CPU
		Release|Any CPU = Release|Any CPU
	EndGlobalSection
	GlobalSection(ProjectConfigurationPlatforms) = postSolution
		{B0CF75A3-BEF8-4A17-AEA9-CE447B10A686}.Debug|Any CPU.ActiveCfg = Debug|Any CPU
		{B0CF75A3-BEF8-4A17-AEA9-CE447B10A686}.Debug|Any CPU.Build.0 = Debug|Any CPU
		{B0CF75A3-BEF8-4A17-AEA9-CE447B10A686}.Release|Any CPU.ActiveCfg = Release|Any CPU
		{B0CF75A3-BEF8-4A17-AEA9-CE447B10A686}.Release|Any CPU.Build.0 = Release|Any CPU
		{C0846AF6-B784-4B4A-8647-0B18886F5D36}.Debug|Any CPU.ActiveCfg = Debug|Any CPU
		{C0846AF6-B784-4B4A-8647-0B18886F5D36}.Debug|Any CPU.Build.0 = Debug|Any CPU
		{C0846AF6-B784-4B4A-8647-0B18886F5D36}.Release|Any CPU.ActiveCfg = Release|Any CPU
		{C0846AF6-B784-4B4A-8647-0B18886F5D36}.Release|Any CPU.Build.0 = Release|Any CPU
		{76D03DE4-7CDA-40F0-A62F-C68798DB6CEB}.Debug|Any CPU.ActiveCfg = Debug|Any CPU
		{76D03DE4-7CDA-40F0-A62F-C68798DB6CEB}.Debug|Any CPU.Build.0 = Debug|Any CPU
		{76D03DE4-7CDA-40F0-A62F-C68798DB6CEB}.Release|Any CPU.ActiveCfg = Release|Any CPU
		{76D03DE4-7CDA-40F0-A62F-C68798DB6CEB}.Release|Any CPU.Build.0 = Release|Any CPU
		{C76203F0-053C-49EC-9B5A-6808AC5D1A67}.Debug|Any CPU.ActiveCfg = Debug|Any CPU
		{C76203F0-053C-49EC-9B5A-6808AC5D1A67}.Debug|Any CPU.Build.0 = Debug|Any CPU
		{C76203F0-053C-49EC-9B5A-6808AC5D1A67}.Release|Any CPU.ActiveCfg = Release|Any CPU
		{C76203F0-053C-49EC-9B5A-6808AC5D1A67}.Release|Any CPU.Build.0 = Release|Any CPU
		{1828A562-C0E3-49ED-84C8-94EA97E7F95D}.Debug|Any CPU.ActiveCfg = Debug|Any CPU
		{1828A562-C0E3-49ED-84C8-94EA97E7F95D}.Debug|Any CPU.Build.0 = Debug|Any CPU
		{1828A562-C0E3-49ED-84C8-94EA97E7F95D}.Release|Any CPU.ActiveCfg = Release|Any CPU
		{1828A562-C0E3-49ED-84C8-94EA97E7F95D}.Release|Any CPU.Build.0 = Release|Any CPU
		{D1151B48-E381-4C37-AF50-B71DB2E0E2AB}.Debug|Any CPU.ActiveCfg = Debug|Any CPU
		{D1151B48-E381-4C37-AF50-B71DB2E0E2AB}.Debug|Any CPU.Build.0 = Debug|Any CPU
		{D1151B48-E381-4C37-AF50-B71DB2E0E2AB}.Release|Any CPU.ActiveCfg = Release|Any CPU
		{D1151B48-E381-4C37-AF50-B71DB2E0E2AB}.Release|Any CPU.Build.0 = Release|Any CPU
	EndGlobalSection
	GlobalSection(SolutionProperties) = preSolution
		HideSolutionNode = FALSE
	EndGlobalSection
	GlobalSection(NestedProjects) = preSolution
		{B0CF75A3-BEF8-4A17-AEA9-CE447B10A686} = {8F2D0168-7AAE-42C3-9E9B-7CB9E0316BF9}
		{C0846AF6-B784-4B4A-8647-0B18886F5D36} = {8F2D0168-7AAE-42C3-9E9B-7CB9E0316BF9}
		{76D03DE4-7CDA-40F0-A62F-C68798DB6CEB} = {8F2D0168-7AAE-42C3-9E9B-7CB9E0316BF9}
		{C76203F0-053C-49EC-9B5A-6808AC5D1A67} = {E121D0C7-4691-4B3A-A8F8-53CD541C0F3C}
		{1828A562-C0E3-49ED-84C8-94EA97E7F95D} = {E121D0C7-4691-4B3A-A8F8-53CD541C0F3C}
		{D1151B48-E381-4C37-AF50-B71DB2E0E2AB} = {E121D0C7-4691-4B3A-A8F8-53CD541C0F3C}
	EndGlobalSection
EndGlobal
