
Microsoft Visual Studio Solution File, Format Version 12.00
# Visual Studio 2013
VisualStudioVersion = 12.0.31101.0
MinimumVisualStudioVersion = 10.0.40219.1
Project("{FAE04EC0-301F-11D3-BF4B-00C04F79EFBC}") = "Cookies.Models", "Models\Cookies.Models\Cookies.Models.csproj", "{3503A85E-2710-44A8-8273-FA53374A2216}"
EndProject
Project("{FAE04EC0-301F-11D3-BF4B-00C04F79EFBC}") = "CookiesSystem.Data", "CookiesSystem.Data\CookiesSystem.Data.csproj", "{FEA6EEBE-7125-4E00-9B59-4212532326FE}"
EndProject
Project("{FAE04EC0-301F-11D3-BF4B-00C04F79EFBC}") = "CookiesSystem.Web", "CookiesSystem.Web\CookiesSystem.Web.csproj", "{4218A730-75F8-4C4B-80A4-5CED324034D0}"
EndProject
Global
	GlobalSection(SolutionConfigurationPlatforms) = preSolution
		Debug|Any CPU = Debug|Any CPU
		Release|Any CPU = Release|Any CPU
	EndGlobalSection
	GlobalSection(ProjectConfigurationPlatforms) = postSolution
		{3503A85E-2710-44A8-8273-FA53374A2216}.Debug|Any CPU.ActiveCfg = Debug|Any CPU
		{3503A85E-2710-44A8-8273-FA53374A2216}.Debug|Any CPU.Build.0 = Debug|Any CPU
		{3503A85E-2710-44A8-8273-FA53374A2216}.Release|Any CPU.ActiveCfg = Release|Any CPU
		{3503A85E-2710-44A8-8273-FA53374A2216}.Release|Any CPU.Build.0 = Release|Any CPU
		{FEA6EEBE-7125-4E00-9B59-4212532326FE}.Debug|Any CPU.ActiveCfg = Debug|Any CPU
		{FEA6EEBE-7125-4E00-9B59-4212532326FE}.Debug|Any CPU.Build.0 = Debug|Any CPU
		{FEA6EEBE-7125-4E00-9B59-4212532326FE}.Release|Any CPU.ActiveCfg = Release|Any CPU
		{FEA6EEBE-7125-4E00-9B59-4212532326FE}.Release|Any CPU.Build.0 = Release|Any CPU
		{4218A730-75F8-4C4B-80A4-5CED324034D0}.Debug|Any CPU.ActiveCfg = Debug|Any CPU
		{4218A730-75F8-4C4B-80A4-5CED324034D0}.Debug|Any CPU.Build.0 = Debug|Any CPU
		{4218A730-75F8-4C4B-80A4-5CED324034D0}.Release|Any CPU.ActiveCfg = Release|Any CPU
		{4218A730-75F8-4C4B-80A4-5CED324034D0}.Release|Any CPU.Build.0 = Release|Any CPU
	EndGlobalSection
	GlobalSection(SolutionProperties) = preSolution
		HideSolutionNode = FALSE
	EndGlobalSection
EndGlobal
